
Microsoft Visual Studio Solution File, Format Version 12.00
# Visual Studio 2013
VisualStudioVersion = 12.0.31101.0
MinimumVisualStudioVersion = 10.0.40219.1
Project("{FAE04EC0-301F-11D3-BF4B-00C04F79EFBC}") = "TZC2", "TZC2\TZC2.csproj", "{67A40817-7FB1-4C3A-9CB6-61339347A00D}"
EndProject
Project("{2150E333-8FDC-42A3-9474-1A3956D46DE8}") = "Solution Items", "Solution Items", "{3D02D478-6855-497D-A339-5C83115E69F9}"
EndProject
Global
	GlobalSection(SolutionConfigurationPlatforms) = preSolution
		Debug|Any CPU = Debug|Any CPU
		Release|Any CPU = Release|Any CPU
	EndGlobalSection
	GlobalSection(ProjectConfigurationPlatforms) = postSolution
		{67A40817-7FB1-4C3A-9CB6-61339347A00D}.Debug|Any CPU.ActiveCfg = Debug|Any CPU
		{67A40817-7FB1-4C3A-9CB6-61339347A00D}.Debug|Any CPU.Build.0 = Debug|Any CPU
		{67A40817-7FB1-4C3A-9CB6-61339347A00D}.Release|Any CPU.ActiveCfg = Release|Any CPU
		{67A40817-7FB1-4C3A-9CB6-61339347A00D}.Release|Any CPU.Build.0 = Release|Any CPU
	EndGlobalSection
	GlobalSection(SolutionProperties) = preSolution
		HideSolutionNode = FALSE
	EndGlobalSection
EndGlobal
